
Microsoft Visual Studio Solution File, Format Version 12.00
Project("{FAE04EC0-301F-11D3-BF4B-00C04F79EFBC}") = "GWOS.UI", "GWOS.UI\GWOS.UI.csproj", "{D14987AA-04A2-4673-A536-E8A2910ECB92}"
EndProject
Project("{FAE04EC0-301F-11D3-BF4B-00C04F79EFBC}") = "EFDataAccessLibrary", "EFDataAccessLibrary\EFDataAccessLibrary.csproj", "{13EE3B33-99E4-4E2D-91D8-DC31AF63842E}"
EndProject
Global
	GlobalSection(SolutionConfigurationPlatforms) = preSolution
		Debug|Any CPU = Debug|Any CPU
		Release|Any CPU = Release|Any CPU
	EndGlobalSection
	GlobalSection(ProjectConfigurationPlatforms) = postSolution
		{D14987AA-04A2-4673-A536-E8A2910ECB92}.Debug|Any CPU.ActiveCfg = Debug|Any CPU
		{D14987AA-04A2-4673-A536-E8A2910ECB92}.Debug|Any CPU.Build.0 = Debug|Any CPU
		{D14987AA-04A2-4673-A536-E8A2910ECB92}.Release|Any CPU.ActiveCfg = Release|Any CPU
		{D14987AA-04A2-4673-A536-E8A2910ECB92}.Release|Any CPU.Build.0 = Release|Any CPU
		{13EE3B33-99E4-4E2D-91D8-DC31AF63842E}.Debug|Any CPU.ActiveCfg = Debug|Any CPU
		{13EE3B33-99E4-4E2D-91D8-DC31AF63842E}.Debug|Any CPU.Build.0 = Debug|Any CPU
		{13EE3B33-99E4-4E2D-91D8-DC31AF63842E}.Release|Any CPU.ActiveCfg = Release|Any CPU
		{13EE3B33-99E4-4E2D-91D8-DC31AF63842E}.Release|Any CPU.Build.0 = Release|Any CPU
	EndGlobalSection
EndGlobal
